<?xml version="1.0" encoding="utf-8"?>
<Project ToolsVersion="4.0" xmlns="http://schemas.microsoft.com/developer/msbuild/2003">
  <ItemGroup>
    <Filter Include="Source Files">
      <UniqueIdentifier>{4FC737F1-C7A5-4376-A066-2A32D752A2FF}</UniqueIdentifier>
      <Extensions>cpp;c;cc;cxx;def;odl;idl;hpj;bat;asm;asmx</Extensions>
    </Filter>
    <Filter Include="Header Files">
      <UniqueIdentifier>{93995380-89BD-4b04-88EB-625FBE52EBFB}</UniqueIdentifier>
      <Extensions>h;hh;hpp;hxx;hm;inl;inc;xsd</Extensions>
    </Filter>
    <Filter Include="Resource Files">
      <UniqueIdentifier>{67DA6AB6-F800-4c08-8B7A-83BB121AAD01}</UniqueIdentifier>
      <Extensions>rc;ico;cur;bmp;dlg;rc2;rct;bin;rgs;gif;jpg;jpeg;jpe;resx;tiff;tif;png;wav;mfcribbon-ms</Extensions>
    </Filter>
    <Filter Include="Interface Files">
      <UniqueIdentifier>{f1cd48cc-5278-46a7-9bc3-ef376164386e}</UniqueIdentifier>
      <Extensions>*.i</Extensions>
    </Filter>
    <Filter Include="Generated Files">
      <UniqueIdentifier>{1c626800-aa10-4fa5-939c-a0d9a0c0db2b}</UniqueIdentifier>
      <SourceControlFiles>False</SourceControlFiles>
    </Filter>
  </ItemGroup>
  <ItemGroup>
    <ClInclude Include="sc_register.h">
      <Filter>Header Files</Filter>
    </ClInclude>
    <ClInclude Include="scireg.h">
      <Filter>Header Files</Filter>
    </ClInclude>
    <ClInclude Include="sr_register.h">
      <Filter>Header Files</Filter>
    </ClInclude>
  </ItemGroup>
  <ItemGroup>
    <ClCompile Include="scireg.cpp">
      <Filter>Source Files</Filter>
    </ClCompile>
    <ClCompile Include="scireg_wrap.cxx">
      <Filter>Generated Files</Filter>
    </ClCompile>
  </ItemGroup>
  <ItemGroup>
    <CustomBuild Include="scireg.i">
      <Filter>Interface Files</Filter>
    </CustomBuild>
  </ItemGroup>
</Project>